version = 1
revision = 3
requires-python = ">=3.11"

[[package]]
name = "asgiref"
version = "3.11.0"
source = { registry = "https://pypi.org/simple" }
sdist = { url = "https://files.pythonhosted.org/packages/76/b9/4db2509eabd14b4a8c71d1b24c8d5734c52b8560a7b1e1a8b56c8d25568b/asgiref-3.11.0.tar.gz", hash = "sha256:13acff32519542a1736223fb79a715acdebe24286d98e8b164a73085f40da2c4", size = 37969, upload-time = "2025-11-19T15:32:20.106Z" }
wheels = [
    { url = "https://files.pythonhosted.org/packages/91/be/317c2c55b8bbec407257d45f5c8d1b6867abc76d12043f2d3d58c538a4ea/asgiref-3.11.0-py3-none-any.whl", hash = "sha256:1db9021efadb0d9512ce8ffaf72fcef601c7b73a8807a1bb2ef143dc6b14846d", size = 24096, upload-time = "2025-11-19T15:32:19.004Z" },
]

[[package]]
name = "beautifulsoup4"
version = "4.12.3"
source = { registry = "https://pypi.org/simple" }
dependencies = [
    { name = "soupsieve" },
]
sdist = { url = "https://files.pythonhosted.org/packages/b3/ca/824b1195773ce6166d388573fc106ce56d4a805bd7427b624e063596ec58/beautifulsoup4-4.12.3.tar.gz", hash = "sha256:74e3d1928edc070d21748185c46e3fb33490f22f52a3addee9aee0f4f7781051", size = 581181, upload-time = "2024-01-17T16:53:17.902Z" }
wheels = [
    { url = "https://files.pythonhosted.org/packages/b1/fe/e8c672695b37eecc5cbf43e1d0638d88d66ba3a44c4d321c796f4e59167f/beautifulsoup4-4.12.3-py3-none-any.whl", hash = "sha256:b80878c9f40111313e55da8ba20bdba06d8fa3969fc68304167741bbf9e082ed", size = 147925, upload-time = "2024-01-17T16:53:12.779Z" },
]

[[package]]
name = "certifi"
version = "2023.7.22"
source = { registry = "https://pypi.org/simple" }
sdist = { url = "https://files.pythonhosted.org/packages/98/98/c2ff18671db109c9f10ed27f5ef610ae05b73bd876664139cf95bd1429aa/certifi-2023.7.22.tar.gz", hash = "sha256:539cc1d13202e33ca466e88b2807e29f4c13049d6d87031a3c110744495cb082", size = 159517, upload-time = "2023-07-22T08:39:27.482Z" }
wheels = [
    { url = "https://files.pythonhosted.org/packages/4c/dd/2234eab22353ffc7d94e8d13177aaa050113286e93e7b40eae01fbf7c3d9/certifi-2023.7.22-py3-none-any.whl", hash = "sha256:92d6037539857d8206b8f6ae472e8b77db8058fec5937a1ef3f54304089edbb9", size = 158334, upload-time = "2023-07-22T08:39:25.345Z" },
]

[[package]]
name = "chardet"
version = "5.2.0"
source = { registry = "https://pypi.org/simple" }
sdist = { url = "https://files.pythonhosted.org/packages/f3/0d/f7b6ab21ec75897ed80c17d79b15951a719226b9fababf1e40ea74d69079/chardet-5.2.0.tar.gz", hash = "sha256:1b3b6ff479a8c414bc3fa2c0852995695c4a026dcd6d0633b2dd092ca39c1cf7", size = 2069618, upload-time = "2023-08-01T19:23:02.662Z" }
wheels = [
    { url = "https://files.pythonhosted.org/packages/38/6f/f5fbc992a329ee4e0f288c1fe0e2ad9485ed064cac731ed2fe47dcc38cbf/chardet-5.2.0-py3-none-any.whl", hash = "sha256:e1cf59446890a00105fe7b7912492ea04b6e6f06d4b742b2c788469e34c82970", size = 199385, upload-time = "2023-08-01T19:23:00.661Z" },
]

[[package]]
name = "dj-config-url"
version = "0.1.1"
source = { registry = "https://pypi.org/simple" }
sdist = { url = "https://files.pythonhosted.org/packages/d7/be/a19b45afb8a624b2b3258672fb3e97c1620e5e18d5c0a64ca8886f1825e6/dj-config-url-0.1.1.tar.gz", hash = "sha256:32b87c85f6359a6a772bd8d5e131640529c4addfc2069918f4eaa8de8ecbb548", size = 4430, upload-time = "2014-05-18T18:37:35.269Z" }
wheels = [
    { url = "https://files.pythonhosted.org/packages/86/3f/2c30720784ce280cd5f332a5bba0d568d4620285d5daf654df04b80c0fce/dj_config_url-0.1.1-py2.py3-none-any.whl", hash = "sha256:8c411dca3ead2b64786c9ae735ef3085518ff92a79e98e441953b26c47063e3f", size = 7062, upload-time = "2014-05-18T18:51:04.409Z" },
]

[[package]]
name = "dj-database-url"
version = "2.1.0"
source = { registry = "https://pypi.org/simple" }
dependencies = [
    { name = "django" },
    { name = "typing-extensions" },
]
sdist = { url = "https://files.pythonhosted.org/packages/f0/1d/91ca6ded2b97688bc0287240c916690b6ee7ce2fd5327ea83f847730f6ec/dj-database-url-2.1.0.tar.gz", hash = "sha256:f2042cefe1086e539c9da39fad5ad7f61173bf79665e69bf7e4de55fa88b135f", size = 10502, upload-time = "2023-08-15T14:38:12.078Z" }
wheels = [
    { url = "https://files.pythonhosted.org/packages/21/d2/b90366de4682c1472748b848292054e0960673f3c7d1a9d08fb227fad819/dj_database_url-2.1.0-py3-none-any.whl", hash = "sha256:04bc34b248d4c21aaa13e4ab419ae6575ef5f10f3df735ce7da97722caa356e0", size = 7673, upload-time = "2023-08-15T14:39:01.026Z" },
]

[[package]]
name = "django"
version = "5.1.2"
source = { registry = "https://pypi.org/simple" }
dependencies = [
    { name = "asgiref" },
    { name = "sqlparse" },
    { name = "tzdata", marker = "sys_platform == 'win32'" },
]
sdist = { url = "https://files.pythonhosted.org/packages/9c/e5/a06e20c963b280af4aa9432bc694fbdeb1c8df9e28c2ffd5fbb71c4b1bec/Django-5.1.2.tar.gz", hash = "sha256:bd7376f90c99f96b643722eee676498706c9fd7dc759f55ebfaf2c08ebcdf4f0", size = 10711674, upload-time = "2024-10-08T14:53:12.217Z" }
wheels = [
    { url = "https://files.pythonhosted.org/packages/a3/b8/f205f2b8c44c6cdc555c4f56bbe85ceef7f67c0cf1caa8abe078bb7e32bd/Django-5.1.2-py3-none-any.whl", hash = "sha256:f11aa87ad8d5617171e3f77e1d5d16f004b79a2cf5d2e1d2b97a6a1f8e9ba5ed", size = 8276058, upload-time = "2024-10-08T14:53:05.58Z" },
]

[[package]]
name = "django-admin-interface"
version = "0.26.1"
source = { registry = "https://pypi.org/simple" }
dependencies = [
    { name = "django-colorfield" },
    { name = "python-slugify" },
]
sdist = { url = "https://files.pythonhosted.org/packages/c5/3b/cd7b42a7845e6e0e2d46c8975188f03ca18be5911788e15205993b1e305c/django-admin-interface-0.26.1.tar.gz", hash = "sha256:46d2e555e74c2439233d0c06bf826e973005cd153f2d1051ad07e41af0d5a439", size = 192776, upload-time = "2023-09-05T16:46:36.447Z" }
wheels = [
    { url = "https://files.pythonhosted.org/packages/53/8c/11f9bde4ecd2c94d1847d42b813b999f45311cc7f0ad76a311909df4d9f3/django_admin_interface-0.26.1-py3-none-any.whl", hash = "sha256:cf38a8e54d431eab13809cd52d861c4beb5c203d66083484a9a2013c8804b877", size = 243731, upload-time = "2023-09-05T16:46:34.444Z" },
]

[[package]]
name = "django-colorfield"
version = "0.11.0"
source = { registry = "https://pypi.org/simple" }
dependencies = [
    { name = "pillow" },
]
sdist = { url = "https://files.pythonhosted.org/packages/18/c4/75a831118a0d213a7646b72af8cef264e43116c84083a0e24d2cdebc6102/django-colorfield-0.11.0.tar.gz", hash = "sha256:05c38c8eb2a94938b810a19b2011846391a4ce71d1c92e88a35974fbcc8fc62e", size = 55337, upload-time = "2023-12-05T22:44:07.19Z" }
wheels = [
    { url = "https://files.pythonhosted.org/packages/28/82/06d2517024afa2355a5aefed9c1ef006308f7d655f250cf1c552ff24ced4/django_colorfield-0.11.0-py3-none-any.whl", hash = "sha256:460f40e6123b6ae0fb51a4eb86fc258fcdc0ea28f75102b685e8209b1eae9ec3", size = 53171, upload-time = "2023-12-05T22:44:05.719Z" },
]

[[package]]
name = "django-cors-headers"
version = "4.3.0"
source = { registry = "https://pypi.org/simple" }
dependencies = [
    { name = "django" },
]
sdist = { url = "https://files.pythonhosted.org/packages/0d/2c/4a30885e7aff326ed408149e9765a9755d2dd08884ac080dd146f2761705/django_cors_headers-4.3.0.tar.gz", hash = "sha256:25aabc94d4837678c1edf442c7f68a5f5fd151f6767b0e0b01c61a2179d02711", size = 21305, upload-time = "2023-10-11T10:15:56.679Z" }
wheels = [
    { url = "https://files.pythonhosted.org/packages/23/7c/5d12771d9767c3c5c4c2aeb036d0d5ef6a83fbd8f2ed2133bab4daa0203d/django_cors_headers-4.3.0-py3-none-any.whl", hash = "sha256:bd36c7aea0d070e462f3383f0dc9ef717e5fdc2b10a99c98c285f16da84ffba2", size = 12854, upload-time = "2023-10-11T10:15:55.255Z" },
]

[[package]]
name = "django-crispy-forms"
version = "2.1"
source = { registry = "https://pypi.org/simple" }
dependencies = [
    { name = "django" },
]
sdist = { url = "https://files.pythonhosted.org/packages/49/c8/bb0667b26f15cd3a595375eb54887d8a3212876c36a98c2cac89d5b46b0e/django-crispy-forms-2.1.tar.gz", hash = "sha256:4d7ec431933ad4d4b5c5a6de4a584d24613c347db9ac168723c9aaf63af4bb96", size = 278650, upload-time = "2023-10-15T09:27:12.824Z" }
wheels = [
    { url = "https://files.pythonhosted.org/packages/58/b4/0fc9eed10828d538b0706e64ec3b8c32e42539ba9c6245d17ad4a3873163/django_crispy_forms-2.1-py3-none-any.whl", hash = "sha256:d592044771412ae1bd539cc377203aa61d4eebe77fcbc07fbc8f12d3746d4f6b", size = 31395, upload-time = "2023-10-15T09:27:10.646Z" },
]

[[package]]
name = "django-filter"
version = "23.3"
source = { registry = "https://pypi.org/simple" }
dependencies = [
    { name = "django" },
]
sdist = { url = "https://files.pythonhosted.org/packages/25/3c/c92e7a23e8eabd0390999e5fd911ee4231a1bab103fe39627be25ffdbd9d/django-filter-23.3.tar.gz", hash = "sha256:015fe155582e1805b40629344e4a6cf3cc40450827d294d040b4b8c1749a9fa6", size = 140685, upload-time = "2023-09-17T08:35:49.151Z" }
wheels = [
    { url = "https://files.pythonhosted.org/packages/97/73/4bc2445a673e768d5f5a898ad1c484d2c3b166b3a7077cf989efa21a80e8/django_filter-23.3-py3-none-any.whl", hash = "sha256:65bc5d1d8f4fff3aaf74cb5da537b6620e9214fb4b3180f6c560776b1b6dccd0", size = 94323, upload-time = "2023-09-17T08:35:46.624Z" },
]

[[package]]
name = "django-ical"
version = "1.9.2"
source = { registry = "https://pypi.org/simple" }
dependencies = [
    { name = "django" },
    { name = "django-recurrence" },
    { name = "icalendar" },
]
sdist = { url = "https://files.pythonhosted.org/packages/e1/dc/70971de377f77c4f9f789a38b049b5fa239f1cfc6b671b0503971960f245/django-ical-1.9.2.tar.gz", hash = "sha256:44c9b6fa90d09f25e9ebaa91ed9eb007f079afbc23d6aac909cfc18188a8e90c", size = 30831, upload-time = "2023-06-12T15:22:54.015Z" }
wheels = [
    { url = "https://files.pythonhosted.org/packages/05/3f/647857462fa4169cb855aaf14969a6843f3910a3781d7c17f18c460b0e08/django_ical-1.9.2-py3-none-any.whl", hash = "sha256:74a16bca05735f91a00120cad7250f3c3aa292a9f698a6cfdc544a922c11de70", size = 15494, upload-time = "2023-06-12T15:22:37.618Z" },
]

[[package]]
name = "django-recurrence"
version = "1.11.1"
source = { registry = "https://pypi.org/simple" }
dependencies = [
    { name = "django" },
    { name = "python-dateutil" },
]
sdist = { url = "https://files.pythonhosted.org/packages/d1/c7/e8d8539d8ccb3ee6498206b6ecef6cd551c3a281e28ae16812b9bc868da3/django-recurrence-1.11.1.tar.gz", hash = "sha256:9c89444e651a78c587f352c5f63eda48ab2f53996347b9fcdff2d248f4fcff70", size = 133440, upload-time = "2022-01-25T10:14:06.734Z" }
wheels = [
    { url = "https://files.pythonhosted.org/packages/3d/0a/5dc0f1f408a5b5f00c64ec57f3868248ed65ee660980118867b1279eca96/django_recurrence-1.11.1-py3-none-any.whl", hash = "sha256:0c65f30872599b5813a9bab6952dada23c55894f28674490a753ada559f14bc5", size = 127256, upload-time = "2022-01-25T10:14:05.319Z" },
]

[[package]]
name = "django-rest-multiple-models"
version = "2.1.3"
source = { registry = "https://pypi.org/simple" }
sdist = { url = "https://files.pythonhosted.org/packages/9c/7d/124eb0cb5375450777fdf241b82b4492c094ca592f8ce40cdb0b29f2f570/django-rest-multiple-models-2.1.3.tar.gz", hash = "sha256:5503bfd36d37fdd6f2d4535f848ade35cdbc1c54562b13e82bf1f4772d2ef988", size = 8029, upload-time = "2018-12-01T08:36:17.722Z" }
wheels = [
    { url = "https://files.pythonhosted.org/packages/9e/84/bb2c1650874e99543b5b6c6258dab4edc688a84780760feb8347560a0c0c/django_rest_multiple_models-2.1.3-py3-none-any.whl", hash = "sha256:0fcb16671513e726047881527b01d606ea8d5bda645451f1ddad1fc6a6eb5bdf", size = 7357, upload-time = "2018-12-01T08:36:15.725Z" },
]

[[package]]
name = "django-widget-tweaks"
version = "1.5.1"
source = { registry = "https://pypi.org/simple" }
dependencies = [
    { name = "django" },
]
sdist = { url = "https://files.pythonhosted.org/packages/01/6d/d1b5a3ae3bccfee96e10315373298cea51e5e0d6853d022181b7b0861a4d/django_widget_tweaks-1.5.1.tar.gz", hash = "sha256:084acc9eeb5a3208f2670522de6284287973e54d54488ce6d402f4b99bc5f452", size = 16233, upload-time = "2026-01-02T12:46:28.907Z" }
wheels = [
    { url = "https://files.pythonhosted.org/packages/64/6a/ad176284371005426b9a1c424e6cd77a9018ab1b17dc23948bfbeb2f6a21/django_widget_tweaks-1.5.1-py3-none-any.whl", hash = "sha256:3f5080f8365740fc1c14607498c975cbfed896dd0c40e1b563095716ee31e3b5", size = 9634, upload-time = "2026-01-02T12:46:02.18Z" },
]

[[package]]
name = "djangorestframework"
version = "3.14.0"
source = { registry = "https://pypi.org/simple" }
dependencies = [
    { name = "django" },
    { name = "pytz" },
]
sdist = { url = "https://files.pythonhosted.org/packages/8e/53/5b2a002c5ebafd60dff1e1945a7d63dee40155830997439a9ba324f0fd50/djangorestframework-3.14.0.tar.gz", hash = "sha256:579a333e6256b09489cbe0a067e66abe55c6595d8926be6b99423786334350c8", size = 1055343, upload-time = "2022-09-22T11:38:44.245Z" }
wheels = [
    { url = "https://files.pythonhosted.org/packages/ff/4b/3b46c0914ba4b7546a758c35fdfa8e7f017fcbe7f23c878239e93623337a/djangorestframework-3.14.0-py3-none-any.whl", hash = "sha256:eb63f58c9f218e1a7d064d17a70751f528ed4e1d35547fdade9aaf4cd103fd08", size = 1062761, upload-time = "2022-09-22T11:38:41.825Z" },
]

[[package]]
name = "gunicorn"
version = "21.2.0"
source = { registry = "https://pypi.org/simple" }
dependencies = [
    { name = "packaging" },
]
sdist = { url = "https://files.pythonhosted.org/packages/06/89/acd9879fa6a5309b4bf16a5a8855f1e58f26d38e0c18ede9b3a70996b021/gunicorn-21.2.0.tar.gz", hash = "sha256:88ec8bff1d634f98e61b9f65bc4bf3cd918a90806c6f5c48bc5603849ec81033", size = 3632557, upload-time = "2023-07-19T11:46:46.917Z" }
wheels = [
    { url = "https://files.pythonhosted.org/packages/0e/2a/c3a878eccb100ccddf45c50b6b8db8cf3301a6adede6e31d48e8531cab13/gunicorn-21.2.0-py3-none-any.whl", hash = "sha256:3213aa5e8c24949e792bcacfc176fef362e7aac80b76c56f6b5122bf350722f0", size = 80176, upload-time = "2023-07-19T11:46:44.51Z" },
]

[[package]]
name = "icalendar"
version = "5.0.11"
source = { registry = "https://pypi.org/simple" }
dependencies = [
    { name = "python-dateutil" },
    { name = "pytz" },
]
sdist = { url = "https://files.pythonhosted.org/packages/6c/23/187a28257fe26848d07af225cef86abe3712561bd8af93cbd3a64d6eb6ea/icalendar-5.0.11.tar.gz", hash = "sha256:7a298bb864526589d0de81f4b736eeb6ff9e539fefb405f7977aa5c1e201ca00", size = 112178, upload-time = "2023-11-03T17:23:20.844Z" }
wheels = [
    { url = "https://files.pythonhosted.org/packages/56/df/da62437403ceafea8e5b6a03ca08d4c574eb4d13eec6b5dc7018200696e5/icalendar-5.0.11-py3-none-any.whl", hash = "sha256:81864971ac43a1b7d0a555dc1b667836ce59fc719a7f845a96f2f03205fb83b9", size = 112094, upload-time = "2023-11-03T17:22:43.28Z" },
]

[[package]]
name = "importlib-metadata"
version = "6.8.0"
source = { registry = "https://pypi.org/simple" }
dependencies = [
    { name = "zipp" },
]
sdist = { url = "https://files.pythonhosted.org/packages/33/44/ae06b446b8d8263d712a211e959212083a5eda2bf36d57ca7415e03f6f36/importlib_metadata-6.8.0.tar.gz", hash = "sha256:dbace7892d8c0c4ac1ad096662232f831d4e64f4c4545bd53016a3e9d4654743", size = 53494, upload-time = "2023-07-07T16:16:03.091Z" }
wheels = [
    { url = "https://files.pythonhosted.org/packages/cc/37/db7ba97e676af155f5fcb1a35466f446eadc9104e25b83366e8088c9c926/importlib_metadata-6.8.0-py3-none-any.whl", hash = "sha256:3ebb78df84a805d7698245025b975d9d67053cd94c79245ba4b3eb694abe68bb", size = 22933, upload-time = "2023-07-07T16:16:01.381Z" },
]

[[package]]
name = "markdown"
version = "3.5.1"
source = { registry = "https://pypi.org/simple" }
sdist = { url = "https://files.pythonhosted.org/packages/35/14/1ec9742e151f3b06a723a20d9af7201a389ebd3aae8b7d93b521819489dc/Markdown-3.5.1.tar.gz", hash = "sha256:b65d7beb248dc22f2e8a31fb706d93798093c308dc1aba295aedeb9d41a813bd", size = 348575, upload-time = "2023-10-31T19:59:23.678Z" }
wheels = [
    { url = "https://files.pythonhosted.org/packages/70/58/2c5a654173937d9f540a4971c569b44dcd55e5424a484d954cdaeebcf79c/Markdown-3.5.1-py3-none-any.whl", hash = "sha256:5874b47d4ee3f0b14d764324d2c94c03ea66bee56f2d929da9f2508d65e722dc", size = 102151, upload-time = "2023-10-31T19:59:21.762Z" },
]

[[package]]
name = "packaging"
version = "23.2"
source = { registry = "https://pypi.org/simple" }
sdist = { url = "https://files.pythonhosted.org/packages/fb/2b/9b9c33ffed44ee921d0967086d653047286054117d584f1b1a7c22ceaf7b/packaging-23.2.tar.gz", hash = "sha256:048fb0e9405036518eaaf48a55953c750c11e1a1b68e0dd1a9d62ed0c092cfc5", size = 146714, upload-time = "2023-10-01T13:50:05.279Z" }
wheels = [
    { url = "https://files.pythonhosted.org/packages/ec/1a/610693ac4ee14fcdf2d9bf3c493370e4f2ef7ae2e19217d7a237ff42367d/packaging-23.2-py3-none-any.whl", hash = "sha256:8c491190033a9af7e1d931d0b5dacc2ef47509b34dd0de67ed209b5203fc88c7", size = 53011, upload-time = "2023-10-01T13:50:03.745Z" },
]

[[package]]
name = "pillow"
version = "10.1.0"
source = { registry = "https://pypi.org/simple" }
sdist = { url = "https://files.pythonhosted.org/packages/80/d7/c4b258c9098b469c4a4e77b0a99b5f4fd21e359c2e486c977d231f52fc71/Pillow-10.1.0.tar.gz", hash = "sha256:e6bf8de6c36ed96c86ea3b6e1d5273c53f46ef518a062464cd7ef5dd2cf92e38", size = 50781360, upload-time = "2023-10-15T13:03:15.681Z" }
wheels = [
    { url = "https://files.pythonhosted.org/packages/07/22/93d6b5aa5917d09ec7088a2c4d1821848f3f95fbdc2633ba9d9fc28444a1/Pillow-10.1.0-cp311-cp311-macosx_10_10_x86_64.whl", hash = "sha256:1fb29c07478e6c06a46b867e43b0bcdb241b44cc52be9bc25ce5944eed4648e7", size = 3484089, upload-time = "2023-10-15T13:01:46.981Z" },
    { url = "https://files.pythonhosted.org/packages/c3/5b/6bcfd0c2631d1ce4bb29ea597556ed2783404c5ad38635caf7b3f2b19073/Pillow-10.1.0-cp311-cp311-macosx_11_0_arm64.whl", hash = "sha256:2cdc65a46e74514ce742c2013cd4a2d12e8553e3a2563c64879f7c7e4d28bce7", size = 3294744, upload-time = "2023-10-15T13:01:49.084Z" },
    { url = "https://files.pythonhosted.org/packages/2a/ae/6b7673ae38cbd4821742acdb209e3e52c564dbe8ef8409d64d68ea0f9e6f/Pillow-10.1.0-cp311-cp311-manylinux_2_17_aarch64.manylinux2014_aarch64.whl", hash = "sha256:50d08cd0a2ecd2a8657bd3d82c71efd5a58edb04d9308185d66c3a5a5bed9610", size = 3424164, upload-time = "2023-10-15T13:01:51.284Z" },
    { url = "https://files.pythonhosted.org/packages/cd/fa/87c27a90d97600edc639b06c14c63c8dac709e13e04714eb1dc949788f41/Pillow-10.1.0-cp311-cp311-manylinux_2_17_x86_64.manylinux2014_x86_64.whl", hash = "sha256:062a1610e3bc258bff2328ec43f34244fcec972ee0717200cb1425214fe5b839", size = 3499981, upload-time = "2023-10-15T13:01:53.594Z" },
    { url = "https://files.pythonhosted.org/packages/5f/0a/8301b9384cbbd8542c2a5540fda1bce18c3203a0cc7becc9073bdee79ccb/Pillow-10.1.0-cp311-cp311-manylinux_2_28_aarch64.whl", hash = "sha256:61f1a9d247317fa08a308daaa8ee7b3f760ab1809ca2da14ecc88ae4257d6172", size = 3475329, upload-time = "2023-10-15T13:01:55.827Z" },
    { url = "https://files.pythonhosted.org/packages/6f/d8/f31dd84b4363b5f24c71b25a13ec3855f5ff233e07e1c3f1f8e979e12be2/Pillow-10.1.0-cp311-cp311-manylinux_2_28_x86_64.whl", hash = "sha256:a646e48de237d860c36e0db37ecaecaa3619e6f3e9d5319e527ccbc8151df061", size = 3621689, upload-time = "2023-10-15T13:01:57.56Z" },
    { url = "https://files.pythonhosted.org/packages/9d/20/5000e1a9696ee28c18c4bd158aaaed0dd65d3b13b6547c43b29f9851c2cc/Pillow-10.1.0-cp311-cp311-musllinux_1_1_aarch64.whl", hash = "sha256:47e5bf85b80abc03be7455c95b6d6e4896a62f6541c1f2ce77a7d2bb832af262", size = 3561247, upload-time = "2023-10-15T13:01:59.326Z" },
    { url = "https://files.pythonhosted.org/packages/cf/f7/4c4428d56df4cf7dfc6b9fc9a8b0268cdbca7c6b5130bc090fbf7562b223/Pillow-10.1.0-cp311-cp311-musllinux_1_1_x86_64.whl", hash = "sha256:a92386125e9ee90381c3369f57a2a50fa9e6aa8b1cf1d9c4b200d41a7dd8e992", size = 3600912, upload-time = "2023-10-15T13:02:01.139Z" },
    { url = "https://files.pythonhosted.org/packages/b1/38/31def4109acd4db10672df6f806b175c0d21458f845ddc0890e43238ba7c/Pillow-10.1.0-cp311-cp311-win_amd64.whl", hash = "sha256:0f7c276c05a9767e877a0b4c5050c8bee6a6d960d7f0c11ebda6b99746068c2a", size = 2609067, upload-time = "2023-10-15T13:02:03.443Z" },
    { url = "https://files.pythonhosted.org/packages/40/80/9df9bb85b3209d62b85064c956a819e9e06279c6accf7e0f6a89ff4d9d6d/Pillow-10.1.0-cp312-cp312-macosx_10_10_x86_64.whl", hash = "sha256:a89b8312d51715b510a4fe9fc13686283f376cfd5abca8cd1c65e4c76e21081b", size = 3483728, upload-time = "2023-10-15T13:02:05.418Z" },
    { url = "https://files.pythonhosted.org/packages/3d/6f/6f716f16bcb9bf39f54b9d2d993f535a0ee42cc0fec973c80839b0720ca2/Pillow-10.1.0-cp312-cp312-macosx_11_0_arm64.whl", hash = "sha256:00f438bb841382b15d7deb9a05cc946ee0f2c352653c7aa659e75e592f6fa17d", size = 3293897, upload-time = "2023-10-15T13:02:07.61Z" },
    { url = "https://files.pythonhosted.org/packages/33/c6/1abfffbbdd803a44fb4aa009218502a0e353bfcc96b045a24ad1a194c705/Pillow-10.1.0-cp312-cp312-manylinux_2_17_aarch64.manylinux2014_aarch64.whl", hash = "sha256:3d929a19f5469b3f4df33a3df2983db070ebb2088a1e145e18facbc28cae5b27", size = 3424287, upload-time = "2023-10-15T13:02:09.756Z" },
    { url = "https://files.pythonhosted.org/packages/1f/40/ff02ca10167c3d68c84b61142a5acd28b09ea5f833fffe9a77c4d8d5f96a/Pillow-10.1.0-cp312-cp312-manylinux_2_17_x86_64.manylinux2014_x86_64.whl", hash = "sha256:9a92109192b360634a4489c0c756364c0c3a2992906752165ecb50544c251312", size = 3500620, upload-time = "2023-10-15T13:02:11.483Z" },
    { url = "https://files.pythonhosted.org/packages/15/57/925008390581a15c024dd57206ca622fd0ea85fbd194169efc3ff48ecda1/Pillow-10.1.0-cp312-cp312-manylinux_2_28_aarch64.whl", hash = "sha256:0248f86b3ea061e67817c47ecbe82c23f9dd5d5226200eb9090b3873d3ca32de", size = 3475368, upload-time = "2023-10-15T13:02:13.353Z" },
    { url = "https://files.pythonhosted.org/packages/44/ed/a6f7dcd6631ec55b8d26c6a8bca762b04b7025daa3aa67e860a886abed89/Pillow-10.1.0-cp312-cp312-manylinux_2_28_x86_64.whl", hash = "sha256:9882a7451c680c12f232a422730f986a1fcd808da0fd428f08b671237237d651", size = 3621896, upload-time = "2023-10-15T13:02:15.053Z" },
    { url = "https://files.pythonhosted.org/packages/3f/e7/cf988402f838843362c471ca2a240d4be46adcabc508be4e70ba7721e9ee/Pillow-10.1.0-cp312-cp312-musllinux_1_1_aarch64.whl", hash = "sha256:1c3ac5423c8c1da5928aa12c6e258921956757d976405e9467c5f39d1d577a4b", size = 3561709, upload-time = "2023-10-15T13:02:16.745Z" },
    { url = "https://files.pythonhosted.org/packages/04/3d/bf353b366d1a39a95ff861129ba3af8499d48e06634d50c10cf4136cbe7d/Pillow-10.1.0-cp312-cp312-musllinux_1_1_x86_64.whl", hash = "sha256:806abdd8249ba3953c33742506fe414880bad78ac25cc9a9b1c6ae97bedd573f", size = 3602069, upload-time = "2023-10-15T13:02:18.634Z" },
    { url = "https://files.pythonhosted.org/packages/32/e4/978865107d097dd9cb650331676d8dc29ed9fcd0aaab46486e9d6e5123f0/Pillow-10.1.0-cp312-cp312-win_amd64.whl", hash = "sha256:eaed6977fa73408b7b8a24e8b14e59e1668cfc0f4c40193ea7ced8e210adf996", size = 2609160, upload-time = "2023-10-15T13:02:20.875Z" },
]

[[package]]
name = "psycopg2-binary"
version = "2.9.9"
source = { registry = "https://pypi.org/simple" }
sdist = { url = "https://files.pythonhosted.org/packages/fc/07/e720e53bfab016ebcc34241695ccc06a9e3d91ba19b40ca81317afbdc440/psycopg2-binary-2.9.9.tar.gz", hash = "sha256:7f01846810177d829c7692f1f5ada8096762d9172af1b1a28d4ab5b77c923c1c", size = 384973, upload-time = "2023-10-03T12:48:55.128Z" }
wheels = [
    { url = "https://files.pythonhosted.org/packages/a5/ac/702d300f3df169b9d0cbef0340d9f34a78bc18dc2dbafbcb39ff0f165cf8/psycopg2_binary-2.9.9-cp311-cp311-macosx_10_9_x86_64.whl", hash = "sha256:ee825e70b1a209475622f7f7b776785bd68f34af6e7a46e2e42f27b659b5bc26", size = 2822581, upload-time = "2023-10-03T12:46:30.64Z" },
    { url = "https://files.pythonhosted.org/packages/7a/1f/a6cf0cdf944253f7c45d90fbc876cc8bed5cc9942349306245715c0d88d6/psycopg2_binary-2.9.9-cp311-cp311-macosx_11_0_arm64.whl", hash = "sha256:1ea665f8ce695bcc37a90ee52de7a7980be5161375d42a0b6c6abedbf0d81f0f", size = 2552633, upload-time = "2023-10-03T12:46:32.808Z" },
    { url = "https://files.pythonhosted.org/packages/81/0b/3adf561107c865928455891156d1dde5325253f7f4316fe56cd2c3f73570/psycopg2_binary-2.9.9-cp311-cp311-manylinux_2_17_aarch64.manylinux2014_aarch64.whl", hash = "sha256:143072318f793f53819048fdfe30c321890af0c3ec7cb1dfc9cc87aa88241de2", size = 2851075, upload-time = "2023-10-03T12:46:35.138Z" },
    { url = "https://files.pythonhosted.org/packages/f7/98/c2fedcbf0a9607519a010dcf88571138b2251062dbde3610cdba5ba1eee1/psycopg2_binary-2.9.9-cp311-cp311-manylinux_2_17_i686.manylinux2014_i686.whl", hash = "sha256:c332c8d69fb64979ebf76613c66b985414927a40f8defa16cf1bc028b7b0a7b0", size = 3080509, upload-time = "2023-10-03T12:46:37.44Z" },
    { url = "https://files.pythonhosted.org/packages/c2/05/81e8bc7fca95574c9323e487d9ce1b58a4cfcc17f89b8fe843af46361211/psycopg2_binary-2.9.9-cp311-cp311-manylinux_2_17_ppc64le.manylinux2014_ppc64le.whl", hash = "sha256:f7fc5a5acafb7d6ccca13bfa8c90f8c51f13d8fb87d95656d3950f0158d3ce53", size = 3264303, upload-time = "2023-10-03T12:46:40.73Z" },
    { url = "https://files.pythonhosted.org/packages/ce/85/62825cabc6aad53104b7b6d12eb2ad74737d268630032d07b74d4444cb72/psycopg2_binary-2.9.9-cp311-cp311-manylinux_2_17_x86_64.manylinux2014_x86_64.whl", hash = "sha256:977646e05232579d2e7b9c59e21dbe5261f403a88417f6a6512e70d3f8a046be", size = 3019515, upload-time = "2023-10-03T12:46:43.038Z" },
    { url = "https://files.pythonhosted.org/packages/e9/b0/9ca2b8e01a0912c9a14234fd5df7a241a1e44778c5797bf4b8eaa8dc3d3a/psycopg2_binary-2.9.9-cp311-cp311-musllinux_1_1_aarch64.whl", hash = "sha256:b6356793b84728d9d50ead16ab43c187673831e9d4019013f1402c41b1db9b27", size = 2355892, upload-time = "2023-10-03T12:46:45.632Z" },
    { url = "https://files.pythonhosted.org/packages/73/17/ba28bb0022db5e2015a82d2df1c4b0d419c37fa07a588b3aff3adc4939f6/psycopg2_binary-2.9.9-cp311-cp311-musllinux_1_1_i686.whl", hash = "sha256:bc7bb56d04601d443f24094e9e31ae6deec9ccb23581f75343feebaf30423359", size = 2534903, upload-time = "2023-10-03T12:46:47.934Z" },
    { url = "https://files.pythonhosted.org/packages/3b/92/b463556409cdc12791cd8b1dae0072bf8efe817ef68b7ea3d9cf7d0e5656/psycopg2_binary-2.9.9-cp311-cp311-musllinux_1_1_ppc64le.whl", hash = "sha256:77853062a2c45be16fd6b8d6de2a99278ee1d985a7bd8b103e97e41c034006d2", size = 2486597, upload-time = "2023-10-03T12:46:50.598Z" },
    { url = "https://files.pythonhosted.org/packages/92/57/96576e07132d7f7a1ac1df939575e6fdd8951aea337ee152b586bb51a971/psycopg2_binary-2.9.9-cp311-cp311-musllinux_1_1_x86_64.whl", hash = "sha256:78151aa3ec21dccd5cdef6c74c3e73386dcdfaf19bced944169697d7ac7482fc", size = 2454908, upload-time = "2023-10-03T12:46:52.903Z" },
    { url = "https://files.pythonhosted.org/packages/7c/ae/cedd56e1f4a2b0e37213283caf3733a875c4c76f3372241e19c0d2a87355/psycopg2_binary-2.9.9-cp311-cp311-win32.whl", hash = "sha256:dc4926288b2a3e9fd7b50dc6a1909a13bbdadfc67d93f3374d984e56f885579d", size = 1024240, upload-time = "2023-10-03T12:46:55.009Z" },
    { url = "https://files.pythonhosted.org/packages/25/1f/7ae31759142999a8d06b3e250c1346c4abcdcada8fa884376775dc1de686/psycopg2_binary-2.9.9-cp311-cp311-win_amd64.whl", hash = "sha256:b76bedd166805480ab069612119ea636f5ab8f8771e640ae103e05a4aae3e417", size = 1163655, upload-time = "2023-10-03T12:46:57.038Z" },
    { url = "https://files.pythonhosted.org/packages/a7/d0/5f2db14e7b53552276ab613399a83f83f85b173a862d3f20580bc7231139/psycopg2_binary-2.9.9-cp312-cp312-macosx_10_9_x86_64.whl", hash = "sha256:8532fd6e6e2dc57bcb3bc90b079c60de896d2128c5d9d6f24a63875a95a088cf", size = 2823784, upload-time = "2023-10-03T12:47:00.404Z" },
    { url = "https://files.pythonhosted.org/packages/18/ca/da384fd47233e300e3e485c90e7aab5d7def896d1281239f75901faf87d4/psycopg2_binary-2.9.9-cp312-cp312-macosx_11_0_arm64.whl", hash = "sha256:b0605eaed3eb239e87df0d5e3c6489daae3f7388d455d0c0b4df899519c6a38d", size = 2553308, upload-time = "2023-11-01T10:40:33.984Z" },
    { url = "https://files.pythonhosted.org/packages/50/66/fa53d2d3d92f6e1ef469d92afc6a4fe3f6e8a9a04b687aa28fb1f1d954ee/psycopg2_binary-2.9.9-cp312-cp312-manylinux_2_17_aarch64.manylinux2014_aarch64.whl", hash = "sha256:8f8544b092a29a6ddd72f3556a9fcf249ec412e10ad28be6a0c0d948924f2212", size = 2851283, upload-time = "2023-10-03T12:47:02.736Z" },
    { url = "https://files.pythonhosted.org/packages/04/37/2429360ac5547378202db14eec0dde76edbe1f6627df5a43c7e164922859/psycopg2_binary-2.9.9-cp312-cp312-manylinux_2_17_i686.manylinux2014_i686.whl", hash = "sha256:2d423c8d8a3c82d08fe8af900ad5b613ce3632a1249fd6a223941d0735fce493", size = 3081839, upload-time = "2023-10-03T12:47:05.027Z" },
    { url = "https://files.pythonhosted.org/packages/62/2a/c0530b59d7e0d09824bc2102ecdcec0456b8ca4d47c0caa82e86fce3ed4c/psycopg2_binary-2.9.9-cp312-cp312-manylinux_2_17_ppc64le.manylinux2014_ppc64le.whl", hash = "sha256:2e5afae772c00980525f6d6ecf7cbca55676296b580c0e6abb407f15f3706996", size = 3264488, upload-time = "2023-10-03T12:47:08.962Z" },
    { url = "https://files.pythonhosted.org/packages/19/57/9f172b900795ea37246c78b5f52e00f4779984370855b3e161600156906d/psycopg2_binary-2.9.9-cp312-cp312-manylinux_2_17_x86_64.manylinux2014_x86_64.whl", hash = "sha256:6e6f98446430fdf41bd36d4faa6cb409f5140c1c2cf58ce0bbdaf16af7d3f119", size = 3020700, upload-time = "2023-10-03T12:47:12.23Z" },
    { url = "https://files.pythonhosted.org/packages/94/68/1176fc14ea76861b7b8360be5176e87fb20d5091b137c76570eb4e237324/psycopg2_binary-2.9.9-cp312-cp312-musllinux_1_1_aarch64.whl", hash = "sha256:c77e3d1862452565875eb31bdb45ac62502feabbd53429fdc39a1cc341d681ba", size = 2355968, upload-time = "2023-10-03T12:47:14.817Z" },
    { url = "https://files.pythonhosted.org/packages/70/bb/aec2646a705a09079d008ce88073401cd61fc9b04f92af3eb282caa3a2ec/psycopg2_binary-2.9.9-cp312-cp312-musllinux_1_1_i686.whl", hash = "sha256:cb16c65dcb648d0a43a2521f2f0a2300f40639f6f8c1ecbc662141e4e3e1ee07", size = 2536101, upload-time = "2023-10-03T12:47:17.454Z" },
    { url = "https://files.pythonhosted.org/packages/14/33/12818c157e333cb9d9e6753d1b2463b6f60dbc1fade115f8e4dc5c52cac4/psycopg2_binary-2.9.9-cp312-cp312-musllinux_1_1_ppc64le.whl", hash = "sha256:911dda9c487075abd54e644ccdf5e5c16773470a6a5d3826fda76699410066fb", size = 2487064, upload-time = "2023-10-03T12:47:20.717Z" },
    { url = "https://files.pythonhosted.org/packages/56/a2/7851c68fe8768f3c9c246198b6356ee3e4a8a7f6820cc798443faada3400/psycopg2_binary-2.9.9-cp312-cp312-musllinux_1_1_x86_64.whl", hash = "sha256:57fede879f08d23c85140a360c6a77709113efd1c993923c59fde17aa27599fe", size = 2456257, upload-time = "2023-10-03T12:47:23.004Z" },
    { url = "https://files.pythonhosted.org/packages/6f/ee/3ba07c6dc7c3294e717e94720da1597aedc82a10b1b180203ce183d4631a/psycopg2_binary-2.9.9-cp312-cp312-win32.whl", hash = "sha256:64cf30263844fa208851ebb13b0732ce674d8ec6a0c86a4e160495d299ba3c93", size = 1024709, upload-time = "2023-10-28T09:37:24.991Z" },
    { url = "https://files.pythonhosted.org/packages/7b/08/9c66c269b0d417a0af9fb969535f0371b8c538633535a7a6a5ca3f9231e2/psycopg2_binary-2.9.9-cp312-cp312-win_amd64.whl", hash = "sha256:81ff62668af011f9a48787564ab7eded4e9fb17a4a6a74af5ffa6a457400d2ab", size = 1163864, upload-time = "2023-10-28T09:37:28.155Z" },
]

[[package]]
name = "python-dateutil"
version = "2.8.2"
source = { registry = "https://pypi.org/simple" }
dependencies = [
    { name = "six" },
]
sdist = { url = "https://files.pythonhosted.org/packages/4c/c4/13b4776ea2d76c115c1d1b84579f3764ee6d57204f6be27119f13a61d0a9/python-dateutil-2.8.2.tar.gz", hash = "sha256:0123cacc1627ae19ddf3c27a5de5bd67ee4586fbdd6440d9748f8abb483d3e86", size = 357324, upload-time = "2021-07-14T08:19:19.783Z" }
wheels = [
    { url = "https://files.pythonhosted.org/packages/36/7a/87837f39d0296e723bb9b62bbb257d0355c7f6128853c78955f57342a56d/python_dateutil-2.8.2-py2.py3-none-any.whl", hash = "sha256:961d03dc3453ebbc59dbdea9e4e11c5651520a876d0f4db161e8674aae935da9", size = 247702, upload-time = "2021-07-14T08:19:18.161Z" },
]

[[package]]
name = "python-decouple"
version = "3.8"
source = { registry = "https://pypi.org/simple" }
sdist = { url = "https://files.pythonhosted.org/packages/e1/97/373dcd5844ec0ea5893e13c39a2c67e7537987ad8de3842fe078db4582fa/python-decouple-3.8.tar.gz", hash = "sha256:ba6e2657d4f376ecc46f77a3a615e058d93ba5e465c01bbe57289bfb7cce680f", size = 9612, upload-time = "2023-03-01T19:38:38.143Z" }
wheels = [
    { url = "https://files.pythonhosted.org/packages/a2/d4/9193206c4563ec771faf2ccf54815ca7918529fe81f6adb22ee6d0e06622/python_decouple-3.8-py3-none-any.whl", hash = "sha256:d0d45340815b25f4de59c974b855bb38d03151d81b037d9e3f463b0c9f8cbd66", size = 9947, upload-time = "2023-03-01T19:38:36.015Z" },
]

[[package]]
name = "python-slugify"
version = "8.0.1"
source = { registry = "https://pypi.org/simple" }
dependencies = [
    { name = "text-unidecode" },
]
sdist = { url = "https://files.pythonhosted.org/packages/de/63/0f60208d0d3dde1a87d30a82906fa9b00e902b57f1ae9565d780de4b41d1/python-slugify-8.0.1.tar.gz", hash = "sha256:ce0d46ddb668b3be82f4ed5e503dbc33dd815d83e2eb6824211310d3fb172a27", size = 11297, upload-time = "2023-02-24T16:21:49.775Z" }
wheels = [
    { url = "https://files.pythonhosted.org/packages/b4/85/6aa722a11307ec572682023b76cad4c52cda708dfc25fcb4b4a6051da7ab/python_slugify-8.0.1-py2.py3-none-any.whl", hash = "sha256:70ca6ea68fe63ecc8fa4fcf00ae651fc8a5d02d93dcd12ae6d4fc7ca46c4d395", size = 9710, upload-time = "2023-02-24T16:21:48.404Z" },
]

[[package]]
name = "pytz"
version = "2023.3.post1"
source = { registry = "https://pypi.org/simple" }
sdist = { url = "https://files.pythonhosted.org/packages/69/4f/7bf883f12ad496ecc9514cd9e267b29a68b3e9629661a2bbc24f80eff168/pytz-2023.3.post1.tar.gz", hash = "sha256:7b4fddbeb94a1eba4b557da24f19fdf9db575192544270a9101d8509f9f43d7b", size = 316899, upload-time = "2023-09-05T01:56:58.535Z" }
wheels = [
    { url = "https://files.pythonhosted.org/packages/32/4d/aaf7eff5deb402fd9a24a1449a8119f00d74ae9c2efa79f8ef9994261fc2/pytz-2023.3.post1-py2.py3-none-any.whl", hash = "sha256:ce42d816b81b68506614c11e8937d3aa9e41007ceb50bfdcb0749b921bf646c7", size = 502454, upload-time = "2023-09-05T01:56:55.916Z" },
]

[[package]]
name = "routers"
version = "0.10.1"
source = { registry = "https://pypi.org/simple" }
sdist = { url = "https://files.pythonhosted.org/packages/cd/f7/b997e71884a71b414a99c5ddff1f7e7ce5a0b114e290c5438d1eb59453dc/routers-0.10.1.tar.gz", hash = "sha256:47c9af347f3c5d7f1590b9f1084ea09a56a91b7c4705756d46c30f262d6c640a", size = 1696, upload-time = "2021-01-23T23:03:17.283Z" }
wheels = [
    { url = "https://files.pythonhosted.org/packages/96/1d/4c4ff01baab383f10807819e490701a71b77d9e812dd28025ed50c642d17/routers-0.10.1-py3-none-any.whl", hash = "sha256:8b2b15d8c9f5b5a4c979508ba199377bb1883e537d3515f012d6811356e68b75", size = 1065, upload-time = "2021-01-23T23:03:13.569Z" },
]

[[package]]
name = "six"
version = "1.16.0"
source = { registry = "https://pypi.org/simple" }
sdist = { url = "https://files.pythonhosted.org/packages/71/39/171f1c67cd00715f190ba0b100d606d440a28c93c7714febeca8b79af85e/six-1.16.0.tar.gz", hash = "sha256:1e61c37477a1626458e36f7b1d82aa5c9b094fa4802892072e49de9c60c4c926", size = 34041, upload-time = "2021-05-05T14:18:18.379Z" }
wheels = [
    { url = "https://files.pythonhosted.org/packages/d9/5a/e7c31adbe875f2abbb91bd84cf2dc52d792b5a01506781dbcf25c91daf11/six-1.16.0-py2.py3-none-any.whl", hash = "sha256:8abb2f1d86890a2dfb989f9a77cfcfd3e47c2a354b01111771326f8aa26e0254", size = 11053, upload-time = "2021-05-05T14:18:17.237Z" },
]

[[package]]
name = "soupsieve"
version = "2.5"
source = { registry = "https://pypi.org/simple" }
sdist = { url = "https://files.pythonhosted.org/packages/ce/21/952a240de1c196c7e3fbcd4e559681f0419b1280c617db21157a0390717b/soupsieve-2.5.tar.gz", hash = "sha256:5663d5a7b3bfaeee0bc4372e7fc48f9cff4940b3eec54a6451cc5299f1097690", size = 100943, upload-time = "2023-09-02T12:48:22.131Z" }
wheels = [
    { url = "https://files.pythonhosted.org/packages/4c/f3/038b302fdfbe3be7da016777069f26ceefe11a681055ea1f7817546508e3/soupsieve-2.5-py3-none-any.whl", hash = "sha256:eaa337ff55a1579b6549dc679565eac1e3d000563bcb1c8ab0d0fefbc0c2cdc7", size = 36131, upload-time = "2023-09-02T12:48:20.552Z" },
]

[[package]]
name = "sqlparse"
version = "0.4.4"
source = { registry = "https://pypi.org/simple" }
sdist = { url = "https://files.pythonhosted.org/packages/65/16/10f170ec641ed852611b6c9441b23d10b5702ab5288371feab3d36de2574/sqlparse-0.4.4.tar.gz", hash = "sha256:d446183e84b8349fa3061f0fe7f06ca94ba65b426946ffebe6e3e8295332420c", size = 72383, upload-time = "2023-04-18T08:30:41.994Z" }
wheels = [
    { url = "https://files.pythonhosted.org/packages/98/5a/66d7c9305baa9f11857f247d4ba761402cea75db6058ff850ed7128957b7/sqlparse-0.4.4-py3-none-any.whl", hash = "sha256:5430a4fe2ac7d0f93e66f1efc6e1338a41884b7ddf2a350cedd20ccc4d9d28f3", size = 41183, upload-time = "2023-04-18T08:30:36.96Z" },
]

[[package]]
name = "text-unidecode"
version = "1.3"
source = { registry = "https://pypi.org/simple" }
sdist = { url = "https://files.pythonhosted.org/packages/ab/e2/e9a00f0ccb71718418230718b3d900e71a5d16e701a3dae079a21e9cd8f8/text-unidecode-1.3.tar.gz", hash = "sha256:bad6603bb14d279193107714b288be206cac565dfa49aa5b105294dd5c4aab93", size = 76885, upload-time = "2019-08-30T21:36:45.405Z" }
wheels = [
    { url = "https://files.pythonhosted.org/packages/a6/a5/c0b6468d3824fe3fde30dbb5e1f687b291608f9473681bbf7dabbf5a87d7/text_unidecode-1.3-py2.py3-none-any.whl", hash = "sha256:1311f10e8b895935241623731c2ba64f4c455287888b18189350b67134a822e8", size = 78154, upload-time = "2019-08-30T21:37:03.543Z" },
]

[[package]]
name = "trombonbogs-api-v2"
version = "0.0.1"
source = { virtual = "." }
dependencies = [
    { name = "asgiref" },
    { name = "beautifulsoup4" },
    { name = "certifi" },
    { name = "chardet" },
    { name = "dj-config-url" },
    { name = "dj-database-url" },
    { name = "django" },
    { name = "django-admin-interface" },
    { name = "django-colorfield" },
    { name = "django-cors-headers" },
    { name = "django-crispy-forms" },
    { name = "django-filter" },
    { name = "django-ical" },
    { name = "django-recurrence" },
    { name = "django-rest-multiple-models" },
    { name = "django-widget-tweaks" },
    { name = "djangorestframework" },
    { name = "gunicorn" },
    { name = "icalendar" },
    { name = "importlib-metadata" },
    { name = "markdown" },
    { name = "packaging" },
    { name = "pillow" },
    { name = "psycopg2-binary" },
    { name = "python-dateutil" },
    { name = "python-decouple" },
    { name = "python-slugify" },
    { name = "pytz" },
    { name = "routers" },
    { name = "six" },
    { name = "soupsieve" },
    { name = "sqlparse" },
    { name = "text-unidecode" },
    { name = "typing-extensions" },
    { name = "tzdata" },
    { name = "unipath" },
    { name = "urllib3" },
    { name = "whitenoise" },
    { name = "zipp" },
]

[package.metadata]
requires-dist = [
    { name = "asgiref", specifier = ">=3.11.0" },
    { name = "beautifulsoup4", specifier = "==4.12.3" },
    { name = "certifi", specifier = "==2023.7.22" },
    { name = "chardet", specifier = "==5.2.0" },
    { name = "dj-config-url", specifier = "==0.1.1" },
    { name = "dj-database-url", specifier = "==2.1.0" },
    { name = "django", specifier = "==5.1.2" },
    { name = "django-admin-interface", specifier = "==0.26.1" },
    { name = "django-colorfield", specifier = "==0.11.0" },
    { name = "django-cors-headers", specifier = "==4.3.0" },
    { name = "django-crispy-forms", specifier = "==2.1" },
    { name = "django-filter", specifier = "==23.3" },
    { name = "django-ical", specifier = "==1.9.2" },
    { name = "django-recurrence", specifier = "==1.11.1" },
    { name = "django-rest-multiple-models", specifier = "==2.1.3" },
    { name = "django-widget-tweaks", specifier = "==1.5.1" },
    { name = "djangorestframework", specifier = "==3.14.0" },
    { name = "gunicorn", specifier = "==21.2.0" },
    { name = "icalendar", specifier = "==5.0.11" },
    { name = "importlib-metadata", specifier = "==6.8.0" },
    { name = "markdown", specifier = "==3.5.1" },
    { name = "packaging", specifier = "==23.2" },
    { name = "pillow", specifier = "==10.1.0" },
    { name = "psycopg2-binary", specifier = "==2.9.9" },
    { name = "python-dateutil", specifier = "==2.8.2" },
    { name = "python-decouple", specifier = "==3.8" },
    { name = "python-slugify", specifier = "==8.0.1" },
    { name = "pytz", specifier = "==2023.3.post1" },
    { name = "routers", specifier = "==0.10.1" },
    { name = "six", specifier = "==1.16.0" },
    { name = "soupsieve", specifier = "==2.5" },
    { name = "sqlparse", specifier = "==0.4.4" },
    { name = "text-unidecode", specifier = "==1.3" },
    { name = "typing-extensions", specifier = "==4.8.0" },
    { name = "tzdata", specifier = "==2024.2" },
    { name = "unipath", specifier = "==1.1" },
    { name = "urllib3", specifier = "==2.2.3" },
    { name = "whitenoise", specifier = "==6.6.0" },
    { name = "zipp", specifier = "==3.17.0" },
]

[[package]]
name = "typing-extensions"
version = "4.8.0"
source = { registry = "https://pypi.org/simple" }
sdist = { url = "https://files.pythonhosted.org/packages/1f/7a/8b94bb016069caa12fc9f587b28080ac33b4fbb8ca369b98bc0a4828543e/typing_extensions-4.8.0.tar.gz", hash = "sha256:df8e4339e9cb77357558cbdbceca33c303714cf861d1eef15e1070055ae8b7ef", size = 71456, upload-time = "2023-09-18T04:01:56.846Z" }
wheels = [
    { url = "https://files.pythonhosted.org/packages/24/21/7d397a4b7934ff4028987914ac1044d3b7d52712f30e2ac7a2ae5bc86dd0/typing_extensions-4.8.0-py3-none-any.whl", hash = "sha256:8f92fc8806f9a6b641eaa5318da32b44d401efaac0f6678c9bc448ba3605faa0", size = 31584, upload-time = "2023-09-18T04:01:55.398Z" },
]

[[package]]
name = "tzdata"
version = "2024.2"
source = { registry = "https://pypi.org/simple" }
sdist = { url = "https://files.pythonhosted.org/packages/e1/34/943888654477a574a86a98e9896bae89c7aa15078ec29f490fef2f1e5384/tzdata-2024.2.tar.gz", hash = "sha256:7d85cc416e9382e69095b7bdf4afd9e3880418a2413feec7069d533d6b4e31cc", size = 193282, upload-time = "2024-09-23T18:56:46.89Z" }
wheels = [
    { url = "https://files.pythonhosted.org/packages/a6/ab/7e5f53c3b9d14972843a647d8d7a853969a58aecc7559cb3267302c94774/tzdata-2024.2-py2.py3-none-any.whl", hash = "sha256:a48093786cdcde33cad18c2555e8532f34422074448fbc874186f0abd79565cd", size = 346586, upload-time = "2024-09-23T18:56:45.478Z" },
]

[[package]]
name = "unipath"
version = "1.1"
source = { registry = "https://pypi.org/simple" }
sdist = { url = "https://files.pythonhosted.org/packages/8c/56/de14fb87407047321dad378cb403c6a9adfb7ba394a6f0e9d8839b8b0ef3/Unipath-1.1.tar.gz", hash = "sha256:09839adcc72e8a24d4f76d63656f30b5a1f721fc40c9bcd79d8c67bdd8b47dae", size = 30280, upload-time = "2015-02-11T04:36:15.424Z" }

[[package]]
name = "urllib3"
version = "2.2.3"
source = { registry = "https://pypi.org/simple" }
sdist = { url = "https://files.pythonhosted.org/packages/ed/63/22ba4ebfe7430b76388e7cd448d5478814d3032121827c12a2cc287e2260/urllib3-2.2.3.tar.gz", hash = "sha256:e7d814a81dad81e6caf2ec9fdedb284ecc9c73076b62654547cc64ccdcae26e9", size = 300677, upload-time = "2024-09-12T10:52:18.401Z" }
wheels = [
    { url = "https://files.pythonhosted.org/packages/ce/d9/5f4c13cecde62396b0d3fe530a50ccea91e7dfc1ccf0e09c228841bb5ba8/urllib3-2.2.3-py3-none-any.whl", hash = "sha256:ca899ca043dcb1bafa3e262d73aa25c465bfb49e0bd9dd5d59f1d0acba2f8fac", size = 126338, upload-time = "2024-09-12T10:52:16.589Z" },
]

[[package]]
name = "whitenoise"
version = "6.6.0"
source = { registry = "https://pypi.org/simple" }
sdist = { url = "https://files.pythonhosted.org/packages/16/e3/adddb43cf8eb924e18eca677d4e40d47348566224b724cb8d1eaf6a48d1b/whitenoise-6.6.0.tar.gz", hash = "sha256:8998f7370973447fac1e8ef6e8ded2c5209a7b1f67c1012866dbcd09681c3251", size = 25078, upload-time = "2023-10-11T09:40:59.593Z" }
wheels = [
    { url = "https://files.pythonhosted.org/packages/67/16/bb488ac8230f1bce94943b6654f2aad566d18aae575c8b6d8a99c78c489e/whitenoise-6.6.0-py3-none-any.whl", hash = "sha256:b1f9db9bf67dc183484d760b99f4080185633136a273a03f6436034a41064146", size = 19870, upload-time = "2023-10-11T09:40:57.977Z" },
]

[[package]]
name = "zipp"
version = "3.17.0"
source = { registry = "https://pypi.org/simple" }
sdist = { url = "https://files.pythonhosted.org/packages/58/03/dd5ccf4e06dec9537ecba8fcc67bbd4ea48a2791773e469e73f94c3ba9a6/zipp-3.17.0.tar.gz", hash = "sha256:84e64a1c28cf7e91ed2078bb8cc8c259cb19b76942096c8d7b84947690cabaf0", size = 20367, upload-time = "2023-09-18T15:18:24.671Z" }
wheels = [
    { url = "https://files.pythonhosted.org/packages/d9/66/48866fc6b158c81cc2bfecc04c480f105c6040e8b077bc54c634b4a67926/zipp-3.17.0-py3-none-any.whl", hash = "sha256:0e923e726174922dce09c53c59ad483ff7bbb8e572e00c7f7c46b88556409f31", size = 7396, upload-time = "2023-09-18T15:18:23.146Z" },
]
